
Microsoft Visual Studio Solution File, Format Version 12.00
# Visual Studio Version 17
VisualStudioVersion = 17.6.33801.468
MinimumVisualStudioVersion = 10.0.40219.1
Project("{FAE04EC0-301F-11D3-BF4B-00C04F79EFBC}") = "UsersGenerator", "UsersGenerator\UsersGenerator.csproj", "{1EC82372-CBDA-4876-B6D3-0A6B7B95F327}"
EndProject
Global
	GlobalSection(SolutionConfigurationPlatforms) = preSolution
		Debug|Any CPU = Debug|Any CPU
		Release|Any CPU = Release|Any CPU
	EndGlobalSection
	GlobalSection(ProjectConfigurationPlatforms) = postSolution
		{1EC82372-CBDA-4876-B6D3-0A6B7B95F327}.Debug|Any CPU.ActiveCfg = Debug|Any CPU
		{1EC82372-CBDA-4876-B6D3-0A6B7B95F327}.Debug|Any CPU.Build.0 = Debug|Any CPU
		{1EC82372-CBDA-4876-B6D3-0A6B7B95F327}.Release|Any CPU.ActiveCfg = Release|Any CPU
		{1EC82372-CBDA-4876-B6D3-0A6B7B95F327}.Release|Any CPU.Build.0 = Release|Any CPU
	EndGlobalSection
	GlobalSection(SolutionProperties) = preSolution
		HideSolutionNode = FALSE
	EndGlobalSection
	GlobalSection(ExtensibilityGlobals) = postSolution
		SolutionGuid = {CBECDD1A-02AA-4242-88E0-DB2607BBBC27}
	EndGlobalSection
EndGlobal
